
Microsoft Visual Studio Solution File, Format Version 12.00
# Visual Studio 15
VisualStudioVersion = 15.0.27428.2005
MinimumVisualStudioVersion = 10.0.40219.1
Project("{FAE04EC0-301F-11D3-BF4B-00C04F79EFBC}") = "ECommerce", "ECommerce\ECommerce.csproj", "{EB5D97FE-7B02-4D59-9E6D-F2DDE830C07A}"
EndProject
Global
	GlobalSection(SolutionConfigurationPlatforms) = preSolution
		Debug|Any CPU = Debug|Any CPU
		Release|Any CPU = Release|Any CPU
	EndGlobalSection
	GlobalSection(ProjectConfigurationPlatforms) = postSolution
		{EB5D97FE-7B02-4D59-9E6D-F2DDE830C07A}.Debug|Any CPU.ActiveCfg = Debug|Any CPU
		{EB5D97FE-7B02-4D59-9E6D-F2DDE830C07A}.Debug|Any CPU.Build.0 = Debug|Any CPU
		{EB5D97FE-7B02-4D59-9E6D-F2DDE830C07A}.Release|Any CPU.ActiveCfg = Release|Any CPU
		{EB5D97FE-7B02-4D59-9E6D-F2DDE830C07A}.Release|Any CPU.Build.0 = Release|Any CPU
	EndGlobalSection
	GlobalSection(SolutionProperties) = preSolution
		HideSolutionNode = FALSE
	EndGlobalSection
	GlobalSection(ExtensibilityGlobals) = postSolution
		SolutionGuid = {04F7E941-201F-41DF-AE47-497B8F2CE97C}
	EndGlobalSection
EndGlobal
